{
  "name": "node-red-contrib-surepet",
  "version": "0.0.1",
  "lockfileVersion": 2,
  "requires": true,
  "packages": {
    "": {
      "version": "0.0.1",
      "license": "Apache-2.0",
      "dependencies": {
        "sure-pet-care-client": "^0.0.7"
      }
    },
    "node_modules/node-fetch": {
      "version": "2.6.1",
      "resolved": "https://registry.npmjs.org/node-fetch/-/node-fetch-2.6.1.tgz",
      "integrity": "sha512-V4aYg89jEoVRxRb2fJdAg8FHvI7cEyYdVAh94HH0UIK8oJxUfkjlDQN9RbMx+bEjP7+ggMiFRprSti032Oipxw==",
      "engines": {
        "node": "4.x || >=6.0.0"
      }
    },
    "node_modules/sure-pet-care-client": {
      "version": "0.0.7",
      "resolved": "https://registry.npmjs.org/sure-pet-care-client/-/sure-pet-care-client-0.0.7.tgz",
      "integrity": "sha512-Ghb6mdSs1+247icLPfVYzwhigkY3Bkzb2oK/5vdQ+/Ok4LRBeFwRQMfx/FoC2gY81UAAxBX1tFSzz8wVS75QMQ==",
      "dependencies": {
        "node-fetch": "^2.6.0"
      }
    }
  },
  "dependencies": {
    "node-fetch": {
      "version": "2.6.1",
      "resolved": "https://registry.npmjs.org/node-fetch/-/node-fetch-2.6.1.tgz",
      "integrity": "sha512-V4aYg89jEoVRxRb2fJdAg8FHvI7cEyYdVAh94HH0UIK8oJxUfkjlDQN9RbMx+bEjP7+ggMiFRprSti032Oipxw=="
    },
    "sure-pet-care-client": {
      "version": "0.0.7",
      "resolved": "https://registry.npmjs.org/sure-pet-care-client/-/sure-pet-care-client-0.0.7.tgz",
      "integrity": "sha512-Ghb6mdSs1+247icLPfVYzwhigkY3Bkzb2oK/5vdQ+/Ok4LRBeFwRQMfx/FoC2gY81UAAxBX1tFSzz8wVS75QMQ==",
      "requires": {
        "node-fetch": "^2.6.0"
      }
    }
  }
}
